
Microsoft Visual Studio Solution File, Format Version 12.00
# Visual Studio Version 16
VisualStudioVersion = 16.0.28803.452
MinimumVisualStudioVersion = 10.0.40219.1
Project("{9A19103F-16F7-4668-BE54-9A1E7A4F7556}") = "ControlExploration", "ControlExploration\ControlExploration\ControlExploration.csproj", "{FBDE7AA8-2410-4B89-9F8A-757A38884B2F}"
EndProject
Project("{FAE04EC0-301F-11D3-BF4B-00C04F79EFBC}") = "ControlExploration.macOS", "ControlExploration.macOS\ControlExploration.macOS.csproj", "{C62F8A47-D5A7-4051-AD9F-57955728111F}"
EndProject
Global
	GlobalSection(SolutionConfigurationPlatforms) = preSolution
		Debug|Any CPU = Debug|Any CPU
		Debug|ARM = Debug|ARM
		Debug|x64 = Debug|x64
		Debug|x86 = Debug|x86
		Release|Any CPU = Release|Any CPU
		Release|ARM = Release|ARM
		Release|x64 = Release|x64
		Release|x86 = Release|x86
	EndGlobalSection
	GlobalSection(ProjectConfigurationPlatforms) = postSolution
		{FBDE7AA8-2410-4B89-9F8A-757A38884B2F}.Debug|Any CPU.ActiveCfg = Debug|Any CPU
		{FBDE7AA8-2410-4B89-9F8A-757A38884B2F}.Debug|Any CPU.Build.0 = Debug|Any CPU
		{FBDE7AA8-2410-4B89-9F8A-757A38884B2F}.Debug|Any CPU.Deploy.0 = Debug|Any CPU
		{FBDE7AA8-2410-4B89-9F8A-757A38884B2F}.Debug|ARM.ActiveCfg = Debug|Any CPU
		{FBDE7AA8-2410-4B89-9F8A-757A38884B2F}.Debug|ARM.Build.0 = Debug|Any CPU
		{FBDE7AA8-2410-4B89-9F8A-757A38884B2F}.Debug|ARM.Deploy.0 = Debug|Any CPU
		{FBDE7AA8-2410-4B89-9F8A-757A38884B2F}.Debug|x64.ActiveCfg = Debug|Any CPU
		{FBDE7AA8-2410-4B89-9F8A-757A38884B2F}.Debug|x64.Build.0 = Debug|Any CPU
		{FBDE7AA8-2410-4B89-9F8A-757A38884B2F}.Debug|x64.Deploy.0 = Debug|Any CPU
		{FBDE7AA8-2410-4B89-9F8A-757A38884B2F}.Debug|x86.ActiveCfg = Debug|Any CPU
		{FBDE7AA8-2410-4B89-9F8A-757A38884B2F}.Debug|x86.Build.0 = Debug|Any CPU
		{FBDE7AA8-2410-4B89-9F8A-757A38884B2F}.Debug|x86.Deploy.0 = Debug|Any CPU
		{FBDE7AA8-2410-4B89-9F8A-757A38884B2F}.Release|Any CPU.ActiveCfg = Release|Any CPU
		{FBDE7AA8-2410-4B89-9F8A-757A38884B2F}.Release|Any CPU.Build.0 = Release|Any CPU
		{FBDE7AA8-2410-4B89-9F8A-757A38884B2F}.Release|Any CPU.Deploy.0 = Release|Any CPU
		{FBDE7AA8-2410-4B89-9F8A-757A38884B2F}.Release|ARM.ActiveCfg = Release|Any CPU
		{FBDE7AA8-2410-4B89-9F8A-757A38884B2F}.Release|ARM.Build.0 = Release|Any CPU
		{FBDE7AA8-2410-4B89-9F8A-757A38884B2F}.Release|ARM.Deploy.0 = Release|Any CPU
		{FBDE7AA8-2410-4B89-9F8A-757A38884B2F}.Release|x64.ActiveCfg = Release|Any CPU
		{FBDE7AA8-2410-4B89-9F8A-757A38884B2F}.Release|x64.Build.0 = Release|Any CPU
		{FBDE7AA8-2410-4B89-9F8A-757A38884B2F}.Release|x64.Deploy.0 = Release|Any CPU
		{FBDE7AA8-2410-4B89-9F8A-757A38884B2F}.Release|x86.ActiveCfg = Release|Any CPU
		{FBDE7AA8-2410-4B89-9F8A-757A38884B2F}.Release|x86.Build.0 = Release|Any CPU
		{FBDE7AA8-2410-4B89-9F8A-757A38884B2F}.Release|x86.Deploy.0 = Release|Any CPU
		{C62F8A47-D5A7-4051-AD9F-57955728111F}.Debug|Any CPU.ActiveCfg = Debug|Any CPU
		{C62F8A47-D5A7-4051-AD9F-57955728111F}.Debug|Any CPU.Build.0 = Debug|Any CPU
		{C62F8A47-D5A7-4051-AD9F-57955728111F}.Debug|ARM.ActiveCfg = Debug|Any CPU
		{C62F8A47-D5A7-4051-AD9F-57955728111F}.Debug|ARM.Build.0 = Debug|Any CPU
		{C62F8A47-D5A7-4051-AD9F-57955728111F}.Debug|x64.ActiveCfg = Debug|Any CPU
		{C62F8A47-D5A7-4051-AD9F-57955728111F}.Debug|x64.Build.0 = Debug|Any CPU
		{C62F8A47-D5A7-4051-AD9F-57955728111F}.Debug|x86.ActiveCfg = Debug|Any CPU
		{C62F8A47-D5A7-4051-AD9F-57955728111F}.Debug|x86.Build.0 = Debug|Any CPU
		{C62F8A47-D5A7-4051-AD9F-57955728111F}.Release|Any CPU.ActiveCfg = Release|Any CPU
		{C62F8A47-D5A7-4051-AD9F-57955728111F}.Release|Any CPU.Build.0 = Release|Any CPU
		{C62F8A47-D5A7-4051-AD9F-57955728111F}.Release|ARM.ActiveCfg = Release|Any CPU
		{C62F8A47-D5A7-4051-AD9F-57955728111F}.Release|ARM.Build.0 = Release|Any CPU
		{C62F8A47-D5A7-4051-AD9F-57955728111F}.Release|x64.ActiveCfg = Release|Any CPU
		{C62F8A47-D5A7-4051-AD9F-57955728111F}.Release|x64.Build.0 = Release|Any CPU
		{C62F8A47-D5A7-4051-AD9F-57955728111F}.Release|x86.ActiveCfg = Release|Any CPU
		{C62F8A47-D5A7-4051-AD9F-57955728111F}.Release|x86.Build.0 = Release|Any CPU
	EndGlobalSection
	GlobalSection(SolutionProperties) = preSolution
		HideSolutionNode = FALSE
	EndGlobalSection
	GlobalSection(ExtensibilityGlobals) = postSolution
		SolutionGuid = {27DE6F63-9EE9-40A5-987E-5C8095F05DE2}
	EndGlobalSection
EndGlobal
